
Microsoft Visual Studio Solution File, Format Version 12.00
# Visual Studio Version 16
VisualStudioVersion = 16.0.31313.79
MinimumVisualStudioVersion = 10.0.40219.1
Project("{FAE04EC0-301F-11D3-BF4B-00C04F79EFBC}") = "csharp-training", "csharp-training\csharp-training.csproj", "{09A57B76-9CBF-407F-8F39-9335A0B3146E}"
EndProject
Global
	GlobalSection(SolutionConfigurationPlatforms) = preSolution
		Debug|Any CPU = Debug|Any CPU
		Release|Any CPU = Release|Any CPU
	EndGlobalSection
	GlobalSection(ProjectConfigurationPlatforms) = postSolution
		{09A57B76-9CBF-407F-8F39-9335A0B3146E}.Debug|Any CPU.ActiveCfg = Debug|Any CPU
		{09A57B76-9CBF-407F-8F39-9335A0B3146E}.Debug|Any CPU.Build.0 = Debug|Any CPU
		{09A57B76-9CBF-407F-8F39-9335A0B3146E}.Release|Any CPU.ActiveCfg = Release|Any CPU
		{09A57B76-9CBF-407F-8F39-9335A0B3146E}.Release|Any CPU.Build.0 = Release|Any CPU
	EndGlobalSection
	GlobalSection(SolutionProperties) = preSolution
		HideSolutionNode = FALSE
	EndGlobalSection
	GlobalSection(ExtensibilityGlobals) = postSolution
		SolutionGuid = {A3DF66A5-AD8C-4EAE-B03F-64657183A101}
	EndGlobalSection
EndGlobal
